
Microsoft Visual Studio Solution File, Format Version 12.00
# Visual Studio Version 16
VisualStudioVersion = 16.0.30804.86
MinimumVisualStudioVersion = 10.0.40219.1
Project("{FAE04EC0-301F-11D3-BF4B-00C04F79EFBC}") = "TtBlazorPlayground", "TtBlazorPlayground\TtBlazorPlayground.csproj", "{AFFEB2CB-8955-45B2-99E4-81B53FA3F09A}"
EndProject
Global
	GlobalSection(SolutionConfigurationPlatforms) = preSolution
		Debug|Any CPU = Debug|Any CPU
		Release|Any CPU = Release|Any CPU
	EndGlobalSection
	GlobalSection(ProjectConfigurationPlatforms) = postSolution
		{AFFEB2CB-8955-45B2-99E4-81B53FA3F09A}.Debug|Any CPU.ActiveCfg = Debug|Any CPU
		{AFFEB2CB-8955-45B2-99E4-81B53FA3F09A}.Debug|Any CPU.Build.0 = Debug|Any CPU
		{AFFEB2CB-8955-45B2-99E4-81B53FA3F09A}.Release|Any CPU.ActiveCfg = Release|Any CPU
		{AFFEB2CB-8955-45B2-99E4-81B53FA3F09A}.Release|Any CPU.Build.0 = Release|Any CPU
	EndGlobalSection
	GlobalSection(SolutionProperties) = preSolution
		HideSolutionNode = FALSE
	EndGlobalSection
	GlobalSection(ExtensibilityGlobals) = postSolution
		SolutionGuid = {110210F4-0DF5-4B6E-B06E-B96C2E3C9FB0}
	EndGlobalSection
EndGlobal
